
Microsoft Visual Studio Solution File, Format Version 12.00
# Visual Studio Version 17
VisualStudioVersion = 17.12.35514.174 d17.12
MinimumVisualStudioVersion = 10.0.40219.1
Project("{FAE04EC0-301F-11D3-BF4B-00C04F79EFBC}") = "ssprokofeva_lab_3", "ssprokofeva_lab_3\ssprokofeva_lab_3.csproj", "{C2AC1200-D946-407A-8E57-ECA43DD72489}"
EndProject
Project("{FAE04EC0-301F-11D3-BF4B-00C04F79EFBC}") = "tum", "tum\tum.csproj", "{69BCAD9C-121E-4592-9696-7C85ECEF91AA}"
EndProject
Global
	GlobalSection(SolutionConfigurationPlatforms) = preSolution
		Debug|Any CPU = Debug|Any CPU
		Release|Any CPU = Release|Any CPU
	EndGlobalSection
	GlobalSection(ProjectConfigurationPlatforms) = postSolution
		{C2AC1200-D946-407A-8E57-ECA43DD72489}.Debug|Any CPU.ActiveCfg = Debug|Any CPU
		{C2AC1200-D946-407A-8E57-ECA43DD72489}.Debug|Any CPU.Build.0 = Debug|Any CPU
		{C2AC1200-D946-407A-8E57-ECA43DD72489}.Release|Any CPU.ActiveCfg = Release|Any CPU
		{C2AC1200-D946-407A-8E57-ECA43DD72489}.Release|Any CPU.Build.0 = Release|Any CPU
		{69BCAD9C-121E-4592-9696-7C85ECEF91AA}.Debug|Any CPU.ActiveCfg = Debug|Any CPU
		{69BCAD9C-121E-4592-9696-7C85ECEF91AA}.Debug|Any CPU.Build.0 = Debug|Any CPU
		{69BCAD9C-121E-4592-9696-7C85ECEF91AA}.Release|Any CPU.ActiveCfg = Release|Any CPU
		{69BCAD9C-121E-4592-9696-7C85ECEF91AA}.Release|Any CPU.Build.0 = Release|Any CPU
	EndGlobalSection
	GlobalSection(SolutionProperties) = preSolution
		HideSolutionNode = FALSE
	EndGlobalSection
EndGlobal
